
Microsoft Visual Studio Solution File, Format Version 12.00
# Visual Studio Version 17
VisualStudioVersion = 17.8.34322.80
MinimumVisualStudioVersion = 10.0.40219.1
Project("{FAE04EC0-301F-11D3-BF4B-00C04F79EFBC}") = "W6_11.12.23", "W6_11.12.23\W6_11.12.23.csproj", "{BF097D79-40C8-454B-96C6-89F921D56ACE}"
EndProject
Global
	GlobalSection(SolutionConfigurationPlatforms) = preSolution
		Debug|Any CPU = Debug|Any CPU
		Release|Any CPU = Release|Any CPU
	EndGlobalSection
	GlobalSection(ProjectConfigurationPlatforms) = postSolution
		{BF097D79-40C8-454B-96C6-89F921D56ACE}.Debug|Any CPU.ActiveCfg = Debug|Any CPU
		{BF097D79-40C8-454B-96C6-89F921D56ACE}.Debug|Any CPU.Build.0 = Debug|Any CPU
		{BF097D79-40C8-454B-96C6-89F921D56ACE}.Release|Any CPU.ActiveCfg = Release|Any CPU
		{BF097D79-40C8-454B-96C6-89F921D56ACE}.Release|Any CPU.Build.0 = Release|Any CPU
	EndGlobalSection
	GlobalSection(SolutionProperties) = preSolution
		HideSolutionNode = FALSE
	EndGlobalSection
	GlobalSection(ExtensibilityGlobals) = postSolution
		SolutionGuid = {19F7CC9E-B3FE-4E22-9CF6-A997DB214E29}
	EndGlobalSection
EndGlobal
